hardware:
  MKL_NUM_THREADS: '1'
  OMP_NUM_THREADS: '1'
  OPENBLAS_NUM_THREADS: '1'
  batch_size: 1
  cpu_model: Intel64 Family 6 Model 170 Stepping 4, GenuineIntel
  gpu_memory_bytes: null
  gpu_model: not_detected
  jax_version: not_installed
  num_workers: 1
  python_version: 3.13.9
  ram_bytes: 33863831552
  torch_version: 2.11.0+cpu
packages:
  PyYAML: 6.0.3
  imageio: 2.37.2
  jax: null
  matplotlib: 3.10.6
  numpy: 2.3.5
  pandas: 2.3.3
  pyarrow: 21.0.0
  pytest: 8.4.2
  scipy: 1.16.3
  statsmodels: 0.14.5
  torch: 2.11.0+cpu
platform: Windows-11-10.0.26200-SP0
python_executable: C:\Users\walla\anaconda3\python.exe
thread_environment:
  MKL_NUM_THREADS: '1'
  OMP_NUM_THREADS: '1'
  OPENBLAS_NUM_THREADS: '1'
