hardware:
  MKL_NUM_THREADS: '1'
  OMP_NUM_THREADS: '1'
  OPENBLAS_NUM_THREADS: '1'
  batch_size: 1
  cpu_model: Intel64 Family 6 Model 170 Stepping 4, GenuineIntel
  gpu_model: not_detected
  jax_or_torch_version: torch=2.11.0+cpu
  num_workers: 1
  python_version: 3.13.9
  ram: GT1_MEGA
platform: Windows-11-10.0.26200-SP0
python_executable: C:\Users\walla\anaconda3\python.exe
